
Microsoft Visual Studio Solution File, Format Version 12.00
# Visual Studio 15
Project("{FAE04EC0-301F-11D3-BF4B-00C04F79EFBC}") = "UnityEngine.TestRunner", "UnityEngine.TestRunner.csproj", "{BB25D012-7DD9-642A-A29E-E626B85F344D}"
EndProject
Project("{FAE04EC0-301F-11D3-BF4B-00C04F79EFBC}") = "UnityEngine.UI", "UnityEngine.UI.csproj", "{B220883F-3920-095B-406F-5EDE5BAE07B3}"
EndProject
Project("{FAE04EC0-301F-11D3-BF4B-00C04F79EFBC}") = "Unity.Timeline", "Unity.Timeline.csproj", "{2B7E4363-E834-57B7-500B-3023FB300A43}"
EndProject
Project("{FAE04EC0-301F-11D3-BF4B-00C04F79EFBC}") = "Unity.TextMeshPro", "Unity.TextMeshPro.csproj", "{7B186854-5899-C6D6-4FCB-259AD87625F2}"
EndProject
Project("{FAE04EC0-301F-11D3-BF4B-00C04F79EFBC}") = "Assembly-CSharp", "Assembly-CSharp.csproj", "{158A4337-B515-6DD8-35AE-5B271A1BA7D3}"
EndProject
Project("{FAE04EC0-301F-11D3-BF4B-00C04F79EFBC}") = "Unity.Timeline.Editor", "Unity.Timeline.Editor.csproj", "{46AA7965-C190-CF36-458D-4EB252B36F1A}"
EndProject
Project("{FAE04EC0-301F-11D3-BF4B-00C04F79EFBC}") = "UnityEditor.TestRunner", "UnityEditor.TestRunner.csproj", "{6698CFEE-201E-6865-0A2E-57F3B23F0A7B}"
EndProject
Project("{FAE04EC0-301F-11D3-BF4B-00C04F79EFBC}") = "UnityEditor.UI", "UnityEditor.UI.csproj", "{2C5A363D-8F6F-DAD6-E57A-28D0F8CB8FBD}"
EndProject
Project("{FAE04EC0-301F-11D3-BF4B-00C04F79EFBC}") = "Unity.VisualStudio.Editor", "Unity.VisualStudio.Editor.csproj", "{DDE70B93-F7EB-BF54-E30D-2D3B1F7B5590}"
EndProject
Project("{FAE04EC0-301F-11D3-BF4B-00C04F79EFBC}") = "Unity.TextMeshPro.Editor", "Unity.TextMeshPro.Editor.csproj", "{B7D7A14C-2D5C-1A4B-4EC3-7F7637DD78B7}"
EndProject
Project("{FAE04EC0-301F-11D3-BF4B-00C04F79EFBC}") = "Unity.CollabProxy.Editor", "Unity.CollabProxy.Editor.csproj", "{5A7BCDC1-E949-5072-B024-EBF74886252E}"
EndProject
Project("{FAE04EC0-301F-11D3-BF4B-00C04F79EFBC}") = "Unity.VSCode.Editor", "Unity.VSCode.Editor.csproj", "{DF6D5C39-167F-3161-53C2-74C667BD40B9}"
EndProject
Project("{FAE04EC0-301F-11D3-BF4B-00C04F79EFBC}") = "Unity.Rider.Editor", "Unity.Rider.Editor.csproj", "{7C42357C-8417-D814-8E32-A949950DAB5B}"
EndProject
Project("{FAE04EC0-301F-11D3-BF4B-00C04F79EFBC}") = "UnityEngine.TestRunner", "UnityEngine.TestRunner.Player.csproj", "{8FD84D7F-B9F4-CEFB-32E4-C08E2BA9C3A1}"
EndProject
Project("{FAE04EC0-301F-11D3-BF4B-00C04F79EFBC}") = "UnityEngine.UI", "UnityEngine.UI.Player.csproj", "{C572C758-9708-8E6A-46FA-C34AB1961162}"
EndProject
Project("{FAE04EC0-301F-11D3-BF4B-00C04F79EFBC}") = "Unity.Timeline", "Unity.Timeline.Player.csproj", "{74586DFC-516A-166B-C52D-CA39B5A03F4C}"
EndProject
Project("{FAE04EC0-301F-11D3-BF4B-00C04F79EFBC}") = "Unity.TextMeshPro", "Unity.TextMeshPro.Player.csproj", "{67FB259D-AB7F-7385-20D5-919948C27F67}"
EndProject
Project("{FAE04EC0-301F-11D3-BF4B-00C04F79EFBC}") = "Assembly-CSharp", "Assembly-CSharp.Player.csproj", "{39CA3C3B-B2DC-6733-C831-1014D35A9766}"
EndProject
Global
	GlobalSection(SolutionConfigurationPlatforms) = preSolution
		Debug|Any CPU = Debug|Any CPU
		Release|Any CPU = Release|Any CPU
	EndGlobalSection
	GlobalSection(ProjectConfigurationPlatforms) = postSolution
		{BB25D012-7DD9-642A-A29E-E626B85F344D}.Debug|Any CPU.ActiveCfg = Debug|Any CPU
		{BB25D012-7DD9-642A-A29E-E626B85F344D}.Debug|Any CPU.Build.0 = Debug|Any CPU
		{BB25D012-7DD9-642A-A29E-E626B85F344D}.Release|Any CPU.ActiveCfg = Release|Any CPU
		{BB25D012-7DD9-642A-A29E-E626B85F344D}.Release|Any CPU.Build.0 = Release|Any CPU
		{B220883F-3920-095B-406F-5EDE5BAE07B3}.Debug|Any CPU.ActiveCfg = Debug|Any CPU
		{B220883F-3920-095B-406F-5EDE5BAE07B3}.Debug|Any CPU.Build.0 = Debug|Any CPU
		{B220883F-3920-095B-406F-5EDE5BAE07B3}.Release|Any CPU.ActiveCfg = Release|Any CPU
		{B220883F-3920-095B-406F-5EDE5BAE07B3}.Release|Any CPU.Build.0 = Release|Any CPU
		{2B7E4363-E834-57B7-500B-3023FB300A43}.Debug|Any CPU.ActiveCfg = Debug|Any CPU
		{2B7E4363-E834-57B7-500B-3023FB300A43}.Debug|Any CPU.Build.0 = Debug|Any CPU
		{2B7E4363-E834-57B7-500B-3023FB300A43}.Release|Any CPU.ActiveCfg = Release|Any CPU
		{2B7E4363-E834-57B7-500B-3023FB300A43}.Release|Any CPU.Build.0 = Release|Any CPU
		{7B186854-5899-C6D6-4FCB-259AD87625F2}.Debug|Any CPU.ActiveCfg = Debug|Any CPU
		{7B186854-5899-C6D6-4FCB-259AD87625F2}.Debug|Any CPU.Build.0 = Debug|Any CPU
		{7B186854-5899-C6D6-4FCB-259AD87625F2}.Release|Any CPU.ActiveCfg = Release|Any CPU
		{7B186854-5899-C6D6-4FCB-259AD87625F2}.Release|Any CPU.Build.0 = Release|Any CPU
		{158A4337-B515-6DD8-35AE-5B271A1BA7D3}.Debug|Any CPU.ActiveCfg = Debug|Any CPU
		{158A4337-B515-6DD8-35AE-5B271A1BA7D3}.Debug|Any CPU.Build.0 = Debug|Any CPU
		{158A4337-B515-6DD8-35AE-5B271A1BA7D3}.Release|Any CPU.ActiveCfg = Release|Any CPU
		{158A4337-B515-6DD8-35AE-5B271A1BA7D3}.Release|Any CPU.Build.0 = Release|Any CPU
		{46AA7965-C190-CF36-458D-4EB252B36F1A}.Debug|Any CPU.ActiveCfg = Debug|Any CPU
		{46AA7965-C190-CF36-458D-4EB252B36F1A}.Debug|Any CPU.Build.0 = Debug|Any CPU
		{46AA7965-C190-CF36-458D-4EB252B36F1A}.Release|Any CPU.ActiveCfg = Release|Any CPU
		{46AA7965-C190-CF36-458D-4EB252B36F1A}.Release|Any CPU.Build.0 = Release|Any CPU
		{6698CFEE-201E-6865-0A2E-57F3B23F0A7B}.Debug|Any CPU.ActiveCfg = Debug|Any CPU
		{6698CFEE-201E-6865-0A2E-57F3B23F0A7B}.Debug|Any CPU.Build.0 = Debug|Any CPU
		{6698CFEE-201E-6865-0A2E-57F3B23F0A7B}.Release|Any CPU.ActiveCfg = Release|Any CPU
		{6698CFEE-201E-6865-0A2E-57F3B23F0A7B}.Release|Any CPU.Build.0 = Release|Any CPU
		{2C5A363D-8F6F-DAD6-E57A-28D0F8CB8FBD}.Debug|Any CPU.ActiveCfg = Debug|Any CPU
		{2C5A363D-8F6F-DAD6-E57A-28D0F8CB8FBD}.Debug|Any CPU.Build.0 = Debug|Any CPU
		{2C5A363D-8F6F-DAD6-E57A-28D0F8CB8FBD}.Release|Any CPU.ActiveCfg = Release|Any CPU
		{2C5A363D-8F6F-DAD6-E57A-28D0F8CB8FBD}.Release|Any CPU.Build.0 = Release|Any CPU
		{DDE70B93-F7EB-BF54-E30D-2D3B1F7B5590}.Debug|Any CPU.ActiveCfg = Debug|Any CPU
		{DDE70B93-F7EB-BF54-E30D-2D3B1F7B5590}.Debug|Any CPU.Build.0 = Debug|Any CPU
		{DDE70B93-F7EB-BF54-E30D-2D3B1F7B5590}.Release|Any CPU.ActiveCfg = Release|Any CPU
		{DDE70B93-F7EB-BF54-E30D-2D3B1F7B5590}.Release|Any CPU.Build.0 = Release|Any CPU
		{B7D7A14C-2D5C-1A4B-4EC3-7F7637DD78B7}.Debug|Any CPU.ActiveCfg = Debug|Any CPU
		{B7D7A14C-2D5C-1A4B-4EC3-7F7637DD78B7}.Debug|Any CPU.Build.0 = Debug|Any CPU
		{B7D7A14C-2D5C-1A4B-4EC3-7F7637DD78B7}.Release|Any CPU.ActiveCfg = Release|Any CPU
		{B7D7A14C-2D5C-1A4B-4EC3-7F7637DD78B7}.Release|Any CPU.Build.0 = Release|Any CPU
		{5A7BCDC1-E949-5072-B024-EBF74886252E}.Debug|Any CPU.ActiveCfg = Debug|Any CPU
		{5A7BCDC1-E949-5072-B024-EBF74886252E}.Debug|Any CPU.Build.0 = Debug|Any CPU
		{5A7BCDC1-E949-5072-B024-EBF74886252E}.Release|Any CPU.ActiveCfg = Release|Any CPU
		{5A7BCDC1-E949-5072-B024-EBF74886252E}.Release|Any CPU.Build.0 = Release|Any CPU
		{DF6D5C39-167F-3161-53C2-74C667BD40B9}.Debug|Any CPU.ActiveCfg = Debug|Any CPU
		{DF6D5C39-167F-3161-53C2-74C667BD40B9}.Debug|Any CPU.Build.0 = Debug|Any CPU
		{DF6D5C39-167F-3161-53C2-74C667BD40B9}.Release|Any CPU.ActiveCfg = Release|Any CPU
		{DF6D5C39-167F-3161-53C2-74C667BD40B9}.Release|Any CPU.Build.0 = Release|Any CPU
		{7C42357C-8417-D814-8E32-A949950DAB5B}.Debug|Any CPU.ActiveCfg = Debug|Any CPU
		{7C42357C-8417-D814-8E32-A949950DAB5B}.Debug|Any CPU.Build.0 = Debug|Any CPU
		{7C42357C-8417-D814-8E32-A949950DAB5B}.Release|Any CPU.ActiveCfg = Release|Any CPU
		{7C42357C-8417-D814-8E32-A949950DAB5B}.Release|Any CPU.Build.0 = Release|Any CPU
		{8FD84D7F-B9F4-CEFB-32E4-C08E2BA9C3A1}.Debug|Any CPU.ActiveCfg = Debug|Any CPU
		{8FD84D7F-B9F4-CEFB-32E4-C08E2BA9C3A1}.Debug|Any CPU.Build.0 = Debug|Any CPU
		{8FD84D7F-B9F4-CEFB-32E4-C08E2BA9C3A1}.Release|Any CPU.ActiveCfg = Release|Any CPU
		{8FD84D7F-B9F4-CEFB-32E4-C08E2BA9C3A1}.Release|Any CPU.Build.0 = Release|Any CPU
		{C572C758-9708-8E6A-46FA-C34AB1961162}.Debug|Any CPU.ActiveCfg = Debug|Any CPU
		{C572C758-9708-8E6A-46FA-C34AB1961162}.Debug|Any CPU.Build.0 = Debug|Any CPU
		{C572C758-9708-8E6A-46FA-C34AB1961162}.Release|Any CPU.ActiveCfg = Release|Any CPU
		{C572C758-9708-8E6A-46FA-C34AB1961162}.Release|Any CPU.Build.0 = Release|Any CPU
		{74586DFC-516A-166B-C52D-CA39B5A03F4C}.Debug|Any CPU.ActiveCfg = Debug|Any CPU
		{74586DFC-516A-166B-C52D-CA39B5A03F4C}.Debug|Any CPU.Build.0 = Debug|Any CPU
		{74586DFC-516A-166B-C52D-CA39B5A03F4C}.Release|Any CPU.ActiveCfg = Release|Any CPU
		{74586DFC-516A-166B-C52D-CA39B5A03F4C}.Release|Any CPU.Build.0 = Release|Any CPU
		{67FB259D-AB7F-7385-20D5-919948C27F67}.Debug|Any CPU.ActiveCfg = Debug|Any CPU
		{67FB259D-AB7F-7385-20D5-919948C27F67}.Debug|Any CPU.Build.0 = Debug|Any CPU
		{67FB259D-AB7F-7385-20D5-919948C27F67}.Release|Any CPU.ActiveCfg = Release|Any CPU
		{67FB259D-AB7F-7385-20D5-919948C27F67}.Release|Any CPU.Build.0 = Release|Any CPU
		{39CA3C3B-B2DC-6733-C831-1014D35A9766}.Debug|Any CPU.ActiveCfg = Debug|Any CPU
		{39CA3C3B-B2DC-6733-C831-1014D35A9766}.Debug|Any CPU.Build.0 = Debug|Any CPU
		{39CA3C3B-B2DC-6733-C831-1014D35A9766}.Release|Any CPU.ActiveCfg = Release|Any CPU
		{39CA3C3B-B2DC-6733-C831-1014D35A9766}.Release|Any CPU.Build.0 = Release|Any CPU
	EndGlobalSection
	GlobalSection(SolutionProperties) = preSolution
		HideSolutionNode = FALSE
	EndGlobalSection
EndGlobal
